// !$*UTF8*$!
{ archiveVersion = 1; classes = {}; objectVersion = 56; objects = {
	B103E9354A9F3DDB1F1F5FFF = { isa = PBXFileReference; lastKnownFileType = sourcecode.swift; path = "App.swift"; sourceTree = "<group>"; };
	48CD02DF754AD4A38EF8C21B = { isa = PBXBuildFile; fileRef = B103E9354A9F3DDB1F1F5FFF; };
	AFDE60CAB33C2D0EA480AF80 = { isa = PBXFileReference; lastKnownFileType = sourcecode.swift; path = "ApplePeer.swift"; sourceTree = "<group>"; };
	2B194F5703C4A1343F7C9A6F = { isa = PBXBuildFile; fileRef = AFDE60CAB33C2D0EA480AF80; };
	976ACB085ED6F3465B4E888C = { isa = PBXFileReference; lastKnownFileType = sourcecode.swift; path = "Chat.swift"; sourceTree = "<group>"; };
	EC531459E58EB5D1B66A15FD = { isa = PBXBuildFile; fileRef = 976ACB085ED6F3465B4E888C; };
	8447D47CC72159D544939EA4 = { isa = PBXFileReference; lastKnownFileType = sourcecode.swift; path = "Director.swift"; sourceTree = "<group>"; };
	3CD77513D78809C58C74FBEC = { isa = PBXBuildFile; fileRef = 8447D47CC72159D544939EA4; };
	7361E0C61529640594ECD70A = { isa = PBXFileReference; lastKnownFileType = sourcecode.swift; path = "DirectorDesign.swift"; sourceTree = "<group>"; };
	410D701EA81BA9B4350196AD = { isa = PBXBuildFile; fileRef = 7361E0C61529640594ECD70A; };
	A229216083176C194987F15D = { isa = PBXFileReference; lastKnownFileType = sourcecode.swift; path = "DirectorFader.swift"; sourceTree = "<group>"; };
	5480A65F706EFFCA7D49FEE1 = { isa = PBXBuildFile; fileRef = A229216083176C194987F15D; };
	C1DB20DC4E86C520FD549D33 = { isa = PBXFileReference; lastKnownFileType = sourcecode.swift; path = "DirectorGrid.swift"; sourceTree = "<group>"; };
	76743233DE1F4D15BC7CE1DF = { isa = PBXBuildFile; fileRef = C1DB20DC4E86C520FD549D33; };
	2390C846F6496383EF3E8745 = { isa = PBXFileReference; lastKnownFileType = sourcecode.swift; path = "DirectorModals.swift"; sourceTree = "<group>"; };
	7F12AE5683AF58E84357CC40 = { isa = PBXBuildFile; fileRef = 2390C846F6496383EF3E8745; };
	0B3AAD7184783A6353CE1847 = { isa = PBXFileReference; lastKnownFileType = sourcecode.swift; path = "DirectorParts.swift"; sourceTree = "<group>"; };
	1D1511434DD27163F9F6481B = { isa = PBXBuildFile; fileRef = 0B3AAD7184783A6353CE1847; };
	8AF436137C2C1C530DA7616C = { isa = PBXFileReference; lastKnownFileType = sourcecode.swift; path = "DirectorPremix.swift"; sourceTree = "<group>"; };
	0D193A82EC27741BAA44D1D4 = { isa = PBXBuildFile; fileRef = 8AF436137C2C1C530DA7616C; };
	8A28B2BC6FBD4B8BC2971E70 = { isa = PBXFileReference; lastKnownFileType = sourcecode.swift; path = "DirectorSearch.swift"; sourceTree = "<group>"; };
	E54F9335AD781478D8E0E786 = { isa = PBXBuildFile; fileRef = 8A28B2BC6FBD4B8BC2971E70; };
	84473E21B3A2E455C17A4E4F = { isa = PBXFileReference; lastKnownFileType = sourcecode.swift; path = "DirectorSettings.swift"; sourceTree = "<group>"; };
	C43D574F065A92BE7378AF03 = { isa = PBXBuildFile; fileRef = 84473E21B3A2E455C17A4E4F; };
	61D2B330FF086B5DC866C470 = { isa = PBXFileReference; lastKnownFileType = sourcecode.swift; path = "DirectorSongTools.swift"; sourceTree = "<group>"; };
	8547E6C8F06414632B86FA24 = { isa = PBXBuildFile; fileRef = 61D2B330FF086B5DC866C470; };
	65E714A859ADCF237416D8D5 = { isa = PBXFileReference; lastKnownFileType = sourcecode.swift; path = "DirectorSongs.swift"; sourceTree = "<group>"; };
	6078D4E4579D75E6E24E3C9E = { isa = PBXBuildFile; fileRef = 65E714A859ADCF237416D8D5; };
	FA88ABD409842BE493C5BDF0 = { isa = PBXFileReference; lastKnownFileType = sourcecode.swift; path = "DirectorState.swift"; sourceTree = "<group>"; };
	92917B2FF4558E629846CC6C = { isa = PBXBuildFile; fileRef = FA88ABD409842BE493C5BDF0; };
	FAEF1C589E6905D427C15F4E = { isa = PBXFileReference; lastKnownFileType = sourcecode.swift; path = "DirectorTimer.swift"; sourceTree = "<group>"; };
	218EA358D6546D137F5D58B6 = { isa = PBXBuildFile; fileRef = FAEF1C589E6905D427C15F4E; };
	438ADF781CD47D89C01E23EA = { isa = PBXFileReference; lastKnownFileType = sourcecode.swift; path = "Discovery.swift"; sourceTree = "<group>"; };
	428E29558095D7DB443DDF14 = { isa = PBXBuildFile; fileRef = 438ADF781CD47D89C01E23EA; };
	52E70DFDCE966235E9264D13 = { isa = PBXFileReference; lastKnownFileType = sourcecode.swift; path = "Drop.swift"; sourceTree = "<group>"; };
	1C03973ECC4F69AAA8A68BB8 = { isa = PBXBuildFile; fileRef = 52E70DFDCE966235E9264D13; };
	1EC2937B754C5CB5EE0B6098 = { isa = PBXFileReference; lastKnownFileType = sourcecode.swift; path = "MediaPickers.swift"; sourceTree = "<group>"; };
	A5673921BF03ADE218669D07 = { isa = PBXBuildFile; fileRef = 1EC2937B754C5CB5EE0B6098; };
	53F412DA2F473A384761ABFE = { isa = PBXFileReference; lastKnownFileType = sourcecode.swift; path = "Mixer.swift"; sourceTree = "<group>"; };
	FC05421AEE39C401D8AED145 = { isa = PBXBuildFile; fileRef = 53F412DA2F473A384761ABFE; };
	90E4713C7BE533FEABCEBFB7 = { isa = PBXFileReference; lastKnownFileType = sourcecode.swift; path = "MixerScale.swift"; sourceTree = "<group>"; };
	945E9F8E7CF3E609A966D5F0 = { isa = PBXBuildFile; fileRef = 90E4713C7BE533FEABCEBFB7; };
	DB111961E51BE82A43534DFA = { isa = PBXFileReference; lastKnownFileType = sourcecode.swift; path = "Protocol.swift"; sourceTree = "<group>"; };
	B5D1C79DC467D657E6D0AA5D = { isa = PBXBuildFile; fileRef = DB111961E51BE82A43534DFA; };
	251154DCF9959818A93BE1E1 = { isa = PBXFileReference; lastKnownFileType = sourcecode.swift; path = "Recados.swift"; sourceTree = "<group>"; };
	F9C2C5E6639FF4FE2F503E3C = { isa = PBXBuildFile; fileRef = 251154DCF9959818A93BE1E1; };
	84568C5B0B7A1425D27E80B2 = { isa = PBXFileReference; lastKnownFileType = sourcecode.swift; path = "Session.swift"; sourceTree = "<group>"; };
	7B274C70F505EEA03EEA1F11 = { isa = PBXBuildFile; fileRef = 84568C5B0B7A1425D27E80B2; };
	E4C062F0044DF592BF948AF1 = { isa = PBXFileReference; lastKnownFileType = sourcecode.swift; path = "TCP.swift"; sourceTree = "<group>"; };
	D2AF3FF110A6CB6A0102B441 = { isa = PBXBuildFile; fileRef = E4C062F0044DF592BF948AF1; };
	85DFAFAFE567E2B543BDF99A = { isa = PBXFileReference; lastKnownFileType = sourcecode.swift; path = "TCPGrid.swift"; sourceTree = "<group>"; };
	5E74B1AF8C59E7730F22ACE0 = { isa = PBXBuildFile; fileRef = 85DFAFAFE567E2B543BDF99A; };
	8EA2244AA684BCB7D3912A84 = { isa = PBXFileReference; lastKnownFileType = sourcecode.swift; path = "TCPState.swift"; sourceTree = "<group>"; };
	5DD18A851911DDAEF2897AAE = { isa = PBXBuildFile; fileRef = 8EA2244AA684BCB7D3912A84; };
	2A2FBD60EDCDDFC5969FE5C0 = { isa = PBXFileReference; lastKnownFileType = sourcecode.swift; path = "Teleprompt.swift"; sourceTree = "<group>"; };
	9EACDE199D512150F4F2789C = { isa = PBXBuildFile; fileRef = 2A2FBD60EDCDDFC5969FE5C0; };
	EC2E7F43C5878337C5D13AD6 = { isa = PBXFileReference; lastKnownFileType = sourcecode.swift; path = "TelepromptConfig.swift"; sourceTree = "<group>"; };
	396B7BD93675AA1C8D2CCC84 = { isa = PBXBuildFile; fileRef = EC2E7F43C5878337C5D13AD6; };
	18629645A2F9DDF6E247D2C7 = { isa = PBXFileReference; lastKnownFileType = sourcecode.swift; path = "TelepromptNotice.swift"; sourceTree = "<group>"; };
	5255203665DDFA0DA7C71D05 = { isa = PBXBuildFile; fileRef = 18629645A2F9DDF6E247D2C7; };
	CD5ABF0328CCE5AF48E6B6CB = { isa = PBXFileReference; lastKnownFileType = sourcecode.swift; path = "TelepromptNoticeView.swift"; sourceTree = "<group>"; };
	AEDA26D19DC3538A12A6ED0C = { isa = PBXBuildFile; fileRef = CD5ABF0328CCE5AF48E6B6CB; };
	CCE7A2C1FB43AA857700C7E3 = { isa = PBXFileReference; lastKnownFileType = sourcecode.swift; path = "TelepromptPreferences.swift"; sourceTree = "<group>"; };
	3F2D2866C5ADECC8BFAE3C64 = { isa = PBXBuildFile; fileRef = CCE7A2C1FB43AA857700C7E3; };
	005CDD5EE6E162B7C5336950 = { isa = PBXFileReference; lastKnownFileType = sourcecode.swift; path = "TelepromptPreview.swift"; sourceTree = "<group>"; };
	44074A5F6B510325494B0C87 = { isa = PBXBuildFile; fileRef = 005CDD5EE6E162B7C5336950; };
	1711E5981A8436B2ADB545A3 = { isa = PBXFileReference; lastKnownFileType = sourcecode.swift; path = "Theme.swift"; sourceTree = "<group>"; };
	DE2EB8F42DADE8A886AB1E5F = { isa = PBXBuildFile; fileRef = 1711E5981A8436B2ADB545A3; };
	CBC78DC6BD248C25EBADFBC8 = { isa = PBXFileReference; lastKnownFileType = sourcecode.swift; path = "Tools.swift"; sourceTree = "<group>"; };
	23190ABA66F0332CE0977CE3 = { isa = PBXBuildFile; fileRef = CBC78DC6BD248C25EBADFBC8; };
	0F48E140DAC2A77E0870746F = { isa = PBXFileReference; lastKnownFileType = sourcecode.swift; path = "TouchGestures.swift"; sourceTree = "<group>"; };
	9C14DF134DFD6369E4A1AFE0 = { isa = PBXBuildFile; fileRef = 0F48E140DAC2A77E0870746F; };
	8BF729FFE074CAEE622C0292 = { isa = PBXFileReference; lastKnownFileType = folder.assetcatalog; path = Assets.xcassets; sourceTree = "<group>"; };
	5522B3B3B2EACC1C8F9BEAAC = { isa = PBXBuildFile; fileRef = 8BF729FFE074CAEE622C0292; };
	A8792157CB4F27FB949C035F = { isa = PBXFileReference; explicitFileType = wrapper.application; path = "VS Hook.app"; sourceTree = BUILT_PRODUCTS_DIR; };
	3B321D4C1A98E53F25157DEF = { isa = PBXGroup; children = (B103E9354A9F3DDB1F1F5FFF,AFDE60CAB33C2D0EA480AF80,976ACB085ED6F3465B4E888C,8447D47CC72159D544939EA4,7361E0C61529640594ECD70A,A229216083176C194987F15D,C1DB20DC4E86C520FD549D33,2390C846F6496383EF3E8745,0B3AAD7184783A6353CE1847,8AF436137C2C1C530DA7616C,8A28B2BC6FBD4B8BC2971E70,84473E21B3A2E455C17A4E4F,61D2B330FF086B5DC866C470,65E714A859ADCF237416D8D5,FA88ABD409842BE493C5BDF0,FAEF1C589E6905D427C15F4E,438ADF781CD47D89C01E23EA,52E70DFDCE966235E9264D13,1EC2937B754C5CB5EE0B6098,53F412DA2F473A384761ABFE,90E4713C7BE533FEABCEBFB7,DB111961E51BE82A43534DFA,251154DCF9959818A93BE1E1,84568C5B0B7A1425D27E80B2,E4C062F0044DF592BF948AF1,85DFAFAFE567E2B543BDF99A,8EA2244AA684BCB7D3912A84,2A2FBD60EDCDDFC5969FE5C0,EC2E7F43C5878337C5D13AD6,18629645A2F9DDF6E247D2C7,CD5ABF0328CCE5AF48E6B6CB,CCE7A2C1FB43AA857700C7E3,005CDD5EE6E162B7C5336950,1711E5981A8436B2ADB545A3,CBC78DC6BD248C25EBADFBC8,0F48E140DAC2A77E0870746F,); path = Sources; sourceTree = "<group>"; };
	B9E7F2871A3402983868AFC8 = { isa = PBXGroup; children = (A8792157CB4F27FB949C035F,); name = Products; sourceTree = "<group>"; };
	19F479106CE8C3BA8C106518 = { isa = PBXGroup; children = (3B321D4C1A98E53F25157DEF,8BF729FFE074CAEE622C0292,B9E7F2871A3402983868AFC8,); sourceTree = "<group>"; };
	DE62F1BD2E122BBF6BD45B9C = { isa = PBXSourcesBuildPhase; buildActionMask = 2147483647; files = (48CD02DF754AD4A38EF8C21B,2B194F5703C4A1343F7C9A6F,EC531459E58EB5D1B66A15FD,3CD77513D78809C58C74FBEC,410D701EA81BA9B4350196AD,5480A65F706EFFCA7D49FEE1,76743233DE1F4D15BC7CE1DF,7F12AE5683AF58E84357CC40,1D1511434DD27163F9F6481B,0D193A82EC27741BAA44D1D4,E54F9335AD781478D8E0E786,C43D574F065A92BE7378AF03,8547E6C8F06414632B86FA24,6078D4E4579D75E6E24E3C9E,92917B2FF4558E629846CC6C,218EA358D6546D137F5D58B6,428E29558095D7DB443DDF14,1C03973ECC4F69AAA8A68BB8,A5673921BF03ADE218669D07,FC05421AEE39C401D8AED145,945E9F8E7CF3E609A966D5F0,B5D1C79DC467D657E6D0AA5D,F9C2C5E6639FF4FE2F503E3C,7B274C70F505EEA03EEA1F11,D2AF3FF110A6CB6A0102B441,5E74B1AF8C59E7730F22ACE0,5DD18A851911DDAEF2897AAE,9EACDE199D512150F4F2789C,396B7BD93675AA1C8D2CCC84,5255203665DDFA0DA7C71D05,AEDA26D19DC3538A12A6ED0C,3F2D2866C5ADECC8BFAE3C64,44074A5F6B510325494B0C87,DE2EB8F42DADE8A886AB1E5F,23190ABA66F0332CE0977CE3,9C14DF134DFD6369E4A1AFE0,); runOnlyForDeploymentPostprocessing = 0; };
	CCC8ECE80271796AF54350E8 = { isa = PBXResourcesBuildPhase; buildActionMask = 2147483647; files = (5522B3B3B2EACC1C8F9BEAAC,); runOnlyForDeploymentPostprocessing = 0; };
	8A7588AD5FA397C62F95C6FE = { isa = PBXFrameworksBuildPhase; buildActionMask = 2147483647; files = (); runOnlyForDeploymentPostprocessing = 0; };
	1F14D62AEF4518CE7AC9123C = { isa = XCBuildConfiguration; name = Debug; buildSettings = { PRODUCT_NAME = "VS Hook"; PRODUCT_BUNDLE_IDENTIFIER = "com.hookdeveloper.vshook"; SWIFT_VERSION = "5.0"; IPHONEOS_DEPLOYMENT_TARGET = "15.0"; OTHER_SWIFT_FLAGS = "$(inherited) -Xfrontend -disable-autolink-framework -Xfrontend SwiftUICore"; OTHER_LDFLAGS = "$(inherited) -framework SwiftUI"; SDKROOT = "iphoneos"; SUPPORTED_PLATFORMS = "iphoneos iphonesimulator"; TARGETED_DEVICE_FAMILY = "1,2"; INFOPLIST_FILE = "Info.plist"; CODE_SIGN_STYLE = "Automatic"; ASSETCATALOG_COMPILER_APPICON_NAME = "AppIcon"; MARKETING_VERSION = "1.0.2"; CURRENT_PROJECT_VERSION = "1"; LD_RUNPATH_SEARCH_PATHS = "$(inherited) @executable_path/Frameworks"; SWIFT_OPTIMIZATION_LEVEL = "-Onone"; SWIFT_ACTIVE_COMPILATION_CONDITIONS = "DEBUG"; DEBUG_INFORMATION_FORMAT = "dwarf"; ENABLE_USER_SCRIPT_SANDBOXING = "YES"; CLANG_ENABLE_MODULES = "YES"; SWIFT_EMIT_LOC_STRINGS = "YES"; ONLY_ACTIVE_ARCH = "YES"; ENABLE_TESTABILITY = "YES"; }; };
	57921FA43AD736EA8673ED95 = { isa = XCBuildConfiguration; name = Release; buildSettings = { PRODUCT_NAME = "VS Hook"; PRODUCT_BUNDLE_IDENTIFIER = "com.hookdeveloper.vshook"; SWIFT_VERSION = "5.0"; IPHONEOS_DEPLOYMENT_TARGET = "15.0"; OTHER_SWIFT_FLAGS = "$(inherited) -Xfrontend -disable-autolink-framework -Xfrontend SwiftUICore"; OTHER_LDFLAGS = "$(inherited) -framework SwiftUI"; SDKROOT = "iphoneos"; SUPPORTED_PLATFORMS = "iphoneos iphonesimulator"; TARGETED_DEVICE_FAMILY = "1,2"; INFOPLIST_FILE = "Info.plist"; CODE_SIGN_STYLE = "Automatic"; ASSETCATALOG_COMPILER_APPICON_NAME = "AppIcon"; MARKETING_VERSION = "1.0.2"; CURRENT_PROJECT_VERSION = "1"; LD_RUNPATH_SEARCH_PATHS = "$(inherited) @executable_path/Frameworks"; SWIFT_OPTIMIZATION_LEVEL = "-O"; SWIFT_ACTIVE_COMPILATION_CONDITIONS = ""; DEBUG_INFORMATION_FORMAT = "dwarf-with-dsym"; ENABLE_USER_SCRIPT_SANDBOXING = "YES"; CLANG_ENABLE_MODULES = "YES"; SWIFT_EMIT_LOC_STRINGS = "YES"; ONLY_ACTIVE_ARCH = "NO"; ENABLE_TESTABILITY = "NO"; }; };
	175AB01246347EE3CB3AD67C = { isa = XCConfigurationList; buildConfigurations = (1F14D62AEF4518CE7AC9123C,57921FA43AD736EA8673ED95,); defaultConfigurationIsVisible = 0; defaultConfigurationName = Release; };
	5DF0EAF287A59303D4EFEAF3 = { isa = XCBuildConfiguration; name = Debug; buildSettings = { }; };
	C62D9534737287C44FD6EF43 = { isa = XCBuildConfiguration; name = Release; buildSettings = { }; };
	B4E10CAA9C5E22150B71559C = { isa = XCConfigurationList; buildConfigurations = (5DF0EAF287A59303D4EFEAF3,C62D9534737287C44FD6EF43,); defaultConfigurationIsVisible = 0; defaultConfigurationName = Release; };
	34A04005BCAF206EEC990BD9 = { isa = PBXNativeTarget; name = VSHook; productName = VSHook; productReference = A8792157CB4F27FB949C035F; productType = "com.apple.product-type.application"; buildConfigurationList = 175AB01246347EE3CB3AD67C; buildPhases = (DE62F1BD2E122BBF6BD45B9C,8A7588AD5FA397C62F95C6FE,CCC8ECE80271796AF54350E8,); dependencies = (); buildRules = (); };
	244210E48437B6556980A702 = { isa = PBXProject; attributes = { LastUpgradeCheck = 1600; }; buildConfigurationList = B4E10CAA9C5E22150B71559C; compatibilityVersion = "Xcode 14.0"; developmentRegion = pt; knownRegions = (pt,en,Base,); mainGroup = 19F479106CE8C3BA8C106518; productRefGroup = B9E7F2871A3402983868AFC8; projectDirPath = ""; projectRoot = ""; targets = (34A04005BCAF206EEC990BD9,); };
}; rootObject = 244210E48437B6556980A702; }
